
Microsoft Visual Studio Solution File, Format Version 12.00
# Visual Studio Version 17
VisualStudioVersion = 17.5.002.0
MinimumVisualStudioVersion = 10.0.40219.1
Project("{9A19103F-16F7-4668-BE54-9A1E7A4F7556}") = "MyMvcApp", "MyMvcApp.csproj", "{6C937EA8-D71A-42D1-AF99-0F6B1FA7CBFD}"
EndProject
Global
	GlobalSection(SolutionConfigurationPlatforms) = preSolution
		Debug|Any CPU = Debug|Any CPU
		Release|Any CPU = Release|Any CPU
	EndGlobalSection
	GlobalSection(ProjectConfigurationPlatforms) = postSolution
		{6C937EA8-D71A-42D1-AF99-0F6B1FA7CBFD}.Debug|Any CPU.ActiveCfg = Debug|Any CPU
		{6C937EA8-D71A-42D1-AF99-0F6B1FA7CBFD}.Debug|Any CPU.Build.0 = Debug|Any CPU
		{6C937EA8-D71A-42D1-AF99-0F6B1FA7CBFD}.Release|Any CPU.ActiveCfg = Release|Any CPU
		{6C937EA8-D71A-42D1-AF99-0F6B1FA7CBFD}.Release|Any CPU.Build.0 = Release|Any CPU
	EndGlobalSection
	GlobalSection(SolutionProperties) = preSolution
		HideSolutionNode = FALSE
	EndGlobalSection
	GlobalSection(ExtensibilityGlobals) = postSolution
		SolutionGuid = {40BDD711-AE02-4407-91B0-21ECDC5C7B53}
	EndGlobalSection
EndGlobal
